
Microsoft Visual Studio Solution File, Format Version 12.00
# Visual Studio Version 17
VisualStudioVersion = 17.0.31903.59
MinimumVisualStudioVersion = 10.0.40219.1
Project("{2150E333-8FDC-42A3-9474-1A3956D46DE8}") = "src", "src", "{F3754785-8B1A-4BC5-909F-6AA8180F1213}"
EndProject
Project("{F2A71F9B-5D33-465A-A702-920D77279786}") = "fflat", "src\fflat\fflat.fsproj", "{1337E726-AAE5-4491-A5D0-E274F5C4A498}"
EndProject
Project("{FAE04EC0-301F-11D3-BF4B-00C04F79EFBC}") = "bflat", "bflat\src\bflat\bflat.csproj", "{4F4DBDBA-0054-42C1-B0BE-799A85A88EBF}"
EndProject
Project("{FAE04EC0-301F-11D3-BF4B-00C04F79EFBC}") = "debloat", "bflat\src\debloat\debloat.csproj", "{B1FFD6F8-39AE-4511-9643-51EC658D8430}"
EndProject
Global
	GlobalSection(SolutionConfigurationPlatforms) = preSolution
		Debug|Any CPU = Debug|Any CPU
		Release|Any CPU = Release|Any CPU
	EndGlobalSection
	GlobalSection(SolutionProperties) = preSolution
		HideSolutionNode = FALSE
	EndGlobalSection
	GlobalSection(ProjectConfigurationPlatforms) = postSolution
		{1337E726-AAE5-4491-A5D0-E274F5C4A498}.Debug|Any CPU.ActiveCfg = Debug|Any CPU
		{1337E726-AAE5-4491-A5D0-E274F5C4A498}.Debug|Any CPU.Build.0 = Debug|Any CPU
		{1337E726-AAE5-4491-A5D0-E274F5C4A498}.Release|Any CPU.ActiveCfg = Release|Any CPU
		{1337E726-AAE5-4491-A5D0-E274F5C4A498}.Release|Any CPU.Build.0 = Release|Any CPU
		{4F4DBDBA-0054-42C1-B0BE-799A85A88EBF}.Debug|Any CPU.ActiveCfg = Debug|Any CPU
		{4F4DBDBA-0054-42C1-B0BE-799A85A88EBF}.Debug|Any CPU.Build.0 = Debug|Any CPU
		{4F4DBDBA-0054-42C1-B0BE-799A85A88EBF}.Release|Any CPU.ActiveCfg = Release|Any CPU
		{4F4DBDBA-0054-42C1-B0BE-799A85A88EBF}.Release|Any CPU.Build.0 = Release|Any CPU
		{B1FFD6F8-39AE-4511-9643-51EC658D8430}.Debug|Any CPU.ActiveCfg = Debug|Any CPU
		{B1FFD6F8-39AE-4511-9643-51EC658D8430}.Debug|Any CPU.Build.0 = Debug|Any CPU
		{B1FFD6F8-39AE-4511-9643-51EC658D8430}.Release|Any CPU.ActiveCfg = Release|Any CPU
		{B1FFD6F8-39AE-4511-9643-51EC658D8430}.Release|Any CPU.Build.0 = Release|Any CPU
	EndGlobalSection
	GlobalSection(NestedProjects) = preSolution
		{1337E726-AAE5-4491-A5D0-E274F5C4A498} = {F3754785-8B1A-4BC5-909F-6AA8180F1213}
	EndGlobalSection
EndGlobal
